
Microsoft Visual Studio Solution File, Format Version 12.00
# Visual Studio 15
VisualStudioVersion = 15.0.28010.2048
MinimumVisualStudioVersion = 10.0.40219.1
Project("{FAE04EC0-301F-11D3-BF4B-00C04F79EFBC}") = "KingdomTwoCrowns Blazon Generator", "KingdomTwoCrowns Blazon Generator\KingdomTwoCrowns Blazon Generator.csproj", "{F96427C0-D154-4567-A0A3-8FB3B7BD8CBE}"
EndProject
Global
	GlobalSection(SolutionConfigurationPlatforms) = preSolution
		Debug|Any CPU = Debug|Any CPU
		Release|Any CPU = Release|Any CPU
	EndGlobalSection
	GlobalSection(ProjectConfigurationPlatforms) = postSolution
		{F96427C0-D154-4567-A0A3-8FB3B7BD8CBE}.Debug|Any CPU.ActiveCfg = Debug|Any CPU
		{F96427C0-D154-4567-A0A3-8FB3B7BD8CBE}.Debug|Any CPU.Build.0 = Debug|Any CPU
		{F96427C0-D154-4567-A0A3-8FB3B7BD8CBE}.Release|Any CPU.ActiveCfg = Release|Any CPU
		{F96427C0-D154-4567-A0A3-8FB3B7BD8CBE}.Release|Any CPU.Build.0 = Release|Any CPU
	EndGlobalSection
	GlobalSection(SolutionProperties) = preSolution
		HideSolutionNode = FALSE
	EndGlobalSection
	GlobalSection(ExtensibilityGlobals) = postSolution
		SolutionGuid = {EEAB783B-485E-4851-9614-AEC8AB86A597}
	EndGlobalSection
EndGlobal
